
Microsoft Visual Studio Solution File, Format Version 12.00
# Visual Studio 2012
Project("{FAE04EC0-301F-11D3-BF4B-00C04F79EFBC}") = "MaplePacketLib", "MaplePacketLib\MaplePacketLib.csproj", "{5A0A4A09-3C59-473E-B01F-5EB95F116276}"
EndProject
Project("{FAE04EC0-301F-11D3-BF4B-00C04F79EFBC}") = "ClientTest", "ClientTest\ClientTest.csproj", "{9D0B14F0-7ECA-4C13-8DE0-8E765A105B0A}"
EndProject
Global
	GlobalSection(SolutionConfigurationPlatforms) = preSolution
		Debug|Any CPU = Debug|Any CPU
		Release|Any CPU = Release|Any CPU
	EndGlobalSection
	GlobalSection(ProjectConfigurationPlatforms) = postSolution
		{5A0A4A09-3C59-473E-B01F-5EB95F116276}.Debug|Any CPU.ActiveCfg = Debug|Any CPU
		{5A0A4A09-3C59-473E-B01F-5EB95F116276}.Debug|Any CPU.Build.0 = Debug|Any CPU
		{5A0A4A09-3C59-473E-B01F-5EB95F116276}.Release|Any CPU.ActiveCfg = Release|Any CPU
		{5A0A4A09-3C59-473E-B01F-5EB95F116276}.Release|Any CPU.Build.0 = Release|Any CPU
		{9D0B14F0-7ECA-4C13-8DE0-8E765A105B0A}.Debug|Any CPU.ActiveCfg = Debug|Any CPU
		{9D0B14F0-7ECA-4C13-8DE0-8E765A105B0A}.Debug|Any CPU.Build.0 = Debug|Any CPU
		{9D0B14F0-7ECA-4C13-8DE0-8E765A105B0A}.Release|Any CPU.ActiveCfg = Release|Any CPU
		{9D0B14F0-7ECA-4C13-8DE0-8E765A105B0A}.Release|Any CPU.Build.0 = Release|Any CPU
	EndGlobalSection
	GlobalSection(SolutionProperties) = preSolution
		HideSolutionNode = FALSE
	EndGlobalSection
EndGlobal
